
Microsoft Visual Studio Solution File, Format Version 12.00
# Visual Studio Version 17
VisualStudioVersion = 17.11.35431.28
MinimumVisualStudioVersion = 10.0.40219.1
Project("{FAE04EC0-301F-11D3-BF4B-00C04F79EFBC}") = "MauiAppPrevisaoDoTempoSQLite", "MauiAppPrevisaoDoTempoSQLite\MauiAppPrevisaoDoTempoSQLite.csproj", "{2A98910C-F44C-4549-85EF-7913A2BDD439}"
EndProject
Global
	GlobalSection(SolutionConfigurationPlatforms) = preSolution
		Debug|Any CPU = Debug|Any CPU
		Release|Any CPU = Release|Any CPU
	EndGlobalSection
	GlobalSection(ProjectConfigurationPlatforms) = postSolution
		{2A98910C-F44C-4549-85EF-7913A2BDD439}.Debug|Any CPU.ActiveCfg = Debug|Any CPU
		{2A98910C-F44C-4549-85EF-7913A2BDD439}.Debug|Any CPU.Build.0 = Debug|Any CPU
		{2A98910C-F44C-4549-85EF-7913A2BDD439}.Debug|Any CPU.Deploy.0 = Debug|Any CPU
		{2A98910C-F44C-4549-85EF-7913A2BDD439}.Release|Any CPU.ActiveCfg = Release|Any CPU
		{2A98910C-F44C-4549-85EF-7913A2BDD439}.Release|Any CPU.Build.0 = Release|Any CPU
		{2A98910C-F44C-4549-85EF-7913A2BDD439}.Release|Any CPU.Deploy.0 = Release|Any CPU
	EndGlobalSection
	GlobalSection(SolutionProperties) = preSolution
		HideSolutionNode = FALSE
	EndGlobalSection
	GlobalSection(ExtensibilityGlobals) = postSolution
		SolutionGuid = {67875CCE-07F5-4A35-B386-BE46FCFC6F02}
	EndGlobalSection
EndGlobal
